
Microsoft Visual Studio Solution File, Format Version 12.00
# Visual Studio Version 17
VisualStudioVersion = 17.7.34018.315
MinimumVisualStudioVersion = 10.0.40219.1
Project("{9A19103F-16F7-4668-BE54-9A1E7A4F7556}") = "Day1_Trebuchet", "Day1_Trebuchet.csproj", "{16906469-5A86-4144-9B07-0F489EDCFEE8}"
EndProject
Project("{9A19103F-16F7-4668-BE54-9A1E7A4F7556}") = "Day2_CubeConundrum", "..\Day2_CubeConundrum\Day2_CubeConundrum.csproj", "{47CD6334-85E1-4772-8315-1E75E851235F}"
EndProject
Project("{9A19103F-16F7-4668-BE54-9A1E7A4F7556}") = "Day3_GearRatios", "..\Day3_GearRatios\Day3_GearRatios.csproj", "{DA73882E-A81E-488E-A9EA-DAC5731E24AF}"
EndProject
Project("{9A19103F-16F7-4668-BE54-9A1E7A4F7556}") = "Day4_Scratchcards", "..\Day4_Scratchcards\Day4_Scratchcards.csproj", "{E363AAFC-9E64-495A-B5C5-1DE2AE5DCE61}"
EndProject
Project("{FAE04EC0-301F-11D3-BF4B-00C04F79EFBC}") = "Day5_IfYouGiveASeed Fertilizer", "..\Day5_IfYouGiveASeed Fertilizer\Day5_IfYouGiveASeed Fertilizer.csproj", "{21295502-C3EF-4E30-809D-6433936035A9}"
EndProject
Global
	GlobalSection(SolutionConfigurationPlatforms) = preSolution
		Debug|Any CPU = Debug|Any CPU
		Release|Any CPU = Release|Any CPU
	EndGlobalSection
	GlobalSection(ProjectConfigurationPlatforms) = postSolution
		{16906469-5A86-4144-9B07-0F489EDCFEE8}.Debug|Any CPU.ActiveCfg = Debug|Any CPU
		{16906469-5A86-4144-9B07-0F489EDCFEE8}.Debug|Any CPU.Build.0 = Debug|Any CPU
		{16906469-5A86-4144-9B07-0F489EDCFEE8}.Release|Any CPU.ActiveCfg = Release|Any CPU
		{16906469-5A86-4144-9B07-0F489EDCFEE8}.Release|Any CPU.Build.0 = Release|Any CPU
		{47CD6334-85E1-4772-8315-1E75E851235F}.Debug|Any CPU.ActiveCfg = Debug|Any CPU
		{47CD6334-85E1-4772-8315-1E75E851235F}.Debug|Any CPU.Build.0 = Debug|Any CPU
		{47CD6334-85E1-4772-8315-1E75E851235F}.Release|Any CPU.ActiveCfg = Release|Any CPU
		{47CD6334-85E1-4772-8315-1E75E851235F}.Release|Any CPU.Build.0 = Release|Any CPU
		{DA73882E-A81E-488E-A9EA-DAC5731E24AF}.Debug|Any CPU.ActiveCfg = Debug|Any CPU
		{DA73882E-A81E-488E-A9EA-DAC5731E24AF}.Debug|Any CPU.Build.0 = Debug|Any CPU
		{DA73882E-A81E-488E-A9EA-DAC5731E24AF}.Release|Any CPU.ActiveCfg = Release|Any CPU
		{DA73882E-A81E-488E-A9EA-DAC5731E24AF}.Release|Any CPU.Build.0 = Release|Any CPU
		{E363AAFC-9E64-495A-B5C5-1DE2AE5DCE61}.Debug|Any CPU.ActiveCfg = Debug|Any CPU
		{E363AAFC-9E64-495A-B5C5-1DE2AE5DCE61}.Debug|Any CPU.Build.0 = Debug|Any CPU
		{E363AAFC-9E64-495A-B5C5-1DE2AE5DCE61}.Release|Any CPU.ActiveCfg = Release|Any CPU
		{E363AAFC-9E64-495A-B5C5-1DE2AE5DCE61}.Release|Any CPU.Build.0 = Release|Any CPU
		{21295502-C3EF-4E30-809D-6433936035A9}.Debug|Any CPU.ActiveCfg = Debug|Any CPU
		{21295502-C3EF-4E30-809D-6433936035A9}.Debug|Any CPU.Build.0 = Debug|Any CPU
		{21295502-C3EF-4E30-809D-6433936035A9}.Release|Any CPU.ActiveCfg = Release|Any CPU
		{21295502-C3EF-4E30-809D-6433936035A9}.Release|Any CPU.Build.0 = Release|Any CPU
	EndGlobalSection
	GlobalSection(SolutionProperties) = preSolution
		HideSolutionNode = FALSE
	EndGlobalSection
	GlobalSection(ExtensibilityGlobals) = postSolution
		SolutionGuid = {CEBBC9B1-A64F-44C9-A5F8-9627E9C9E5B9}
	EndGlobalSection
EndGlobal
